
Microsoft Visual Studio Solution File, Format Version 12.00
# Visual Studio Version 17
VisualStudioVersion = 17.0.32112.339
MinimumVisualStudioVersion = 10.0.40219.1
Project("{888888A0-9F3D-457C-B088-3A5042F75D52}") = "Day9", "Day9\Day9.pyproj", "{5519C49E-9E17-41DE-83A2-CC4F13182C4F}"
EndProject
Global
	GlobalSection(SolutionConfigurationPlatforms) = preSolution
		Debug|Any CPU = Debug|Any CPU
		Release|Any CPU = Release|Any CPU
	EndGlobalSection
	GlobalSection(ProjectConfigurationPlatforms) = postSolution
		{5519C49E-9E17-41DE-83A2-CC4F13182C4F}.Debug|Any CPU.ActiveCfg = Debug|Any CPU
		{5519C49E-9E17-41DE-83A2-CC4F13182C4F}.Release|Any CPU.ActiveCfg = Release|Any CPU
	EndGlobalSection
	GlobalSection(SolutionProperties) = preSolution
		HideSolutionNode = FALSE
	EndGlobalSection
	GlobalSection(ExtensibilityGlobals) = postSolution
		SolutionGuid = {B1781950-A32D-472C-9733-7BD0E86D0AF5}
	EndGlobalSection
EndGlobal
